<?xml version="1.0" encoding="UTF-8" standalone="yes" ?>
<CodeBlocks_project_file>
	<FileVersion major="1" minor="6" />
	<Project>
		<Option title="Breaker" />
		<Option pch_mode="2" />
		<Option compiler="gcc" />
		<Build>
			<Target title="default">
				<Option output="build/Breaker" prefix_auto="1" extension_auto="1" />
				<Option working_dir="build" />
				<Option object_output="output" />
				<Option type="1" />
				<Option compiler="gcc" />
				<Option use_console_runner="0" />
				<Compiler>
					<Add option="-Wall" />
					<Add directory="include" />
				</Compiler>
				<Linker>
					<Add option="-llogg" />
					<Add option="-lvorbisfile" />
					<Add option="-lvorbis" />
					<Add option="-logg" />
					<Add option="-lalpng" />
					<Add option="-lalleg" />
				</Linker>
			</Target>
		</Build>
		<Unit filename="include/block.h" />
		<Unit filename="include/button.h" />
		<Unit filename="include/globals.h" />
		<Unit filename="include/mouseListener.h" />
		<Unit filename="include/particle.h" />
		<Unit filename="include/scoreTable.h" />
		<Unit filename="res/resources.rc">
			<Option compilerVar="WINDRES" />
		</Unit>
		<Unit filename="src/block.cpp" />
		<Unit filename="src/button.cpp" />
		<Unit filename="src/globals.cpp" />
		<Unit filename="src/main.cpp" />
		<Unit filename="src/mouseListener.cpp" />
		<Unit filename="src/particle.cpp" />
		<Unit filename="src/scoreTable.cpp" />
		<Extensions>
			<code_completion />
			<envvars />
			<debugger />
		</Extensions>
	</Project>
</CodeBlocks_project_file>
