<?xml version="1.0" encoding="UTF-8" standalone="yes" ?>
<CodeBlocks_project_file>
	<FileVersion major="1" minor="6" />
	<Project>
		<Option title="Breaker" />
		<Option pch_mode="2" />
		<Option compiler="gcc" />
		<Build>
			<Target title="default">
				<Option output="build/Breaker" prefix_auto="1" extension_auto="1" />
				<Option working_dir="build" />
				<Option object_output="output" />
				<Option type="1" />
				<Option compiler="gcc" />
				<Compiler>
					<Add option="-Wunreachable-code" />
					<Add option="-Wswitch-default" />
					<Add option="-Wmain" />
					<Add option="-Wextra" />
					<Add option="-Wall" />
					<Add option="-std=c++14" />
					<Add directory="include" />
				</Compiler>
				<Linker>
					<Add option="-llogg" />
					<Add option="-lvorbisfile" />
					<Add option="-lvorbis" />
					<Add option="-logg" />
					<Add option="-lloadpng" />
					<Add option="-lalleg44" />
				</Linker>
			</Target>
		</Build>
		<Unit filename="include/ScoreManager.h" />
		<Unit filename="include/block.h" />
		<Unit filename="include/button.h" />
		<Unit filename="include/convert.h" />
		<Unit filename="include/game.h" />
		<Unit filename="include/globals.h" />
		<Unit filename="include/init.h" />
		<Unit filename="include/menu.h" />
		<Unit filename="include/mouseListener.h" />
		<Unit filename="include/particle.h" />
		<Unit filename="include/particle_emitter.h" />
		<Unit filename="include/splash.h" />
		<Unit filename="include/state.h" />
		<Unit filename="include/vec2.h" />
		<Unit filename="res/resources.rc">
			<Option compilerVar="WINDRES" />
		</Unit>
		<Unit filename="src/ScoreManager.cpp" />
		<Unit filename="src/block.cpp" />
		<Unit filename="src/button.cpp" />
		<Unit filename="src/convert.cpp" />
		<Unit filename="src/game.cpp" />
		<Unit filename="src/globals.cpp" />
		<Unit filename="src/init.cpp" />
		<Unit filename="src/main.cpp" />
		<Unit filename="src/menu.cpp" />
		<Unit filename="src/mouseListener.cpp" />
		<Unit filename="src/particle.cpp" />
		<Unit filename="src/particle_emitter.cpp" />
		<Unit filename="src/splash.cpp" />
		<Unit filename="src/state.cpp" />
		<Unit filename="src/vec2.cpp" />
		<Extensions>
			<code_completion />
			<envvars />
			<debugger />
		</Extensions>
	</Project>
</CodeBlocks_project_file>
